// !$*UTF8*$!
{
	archiveVersion = 1;
	classes = {
	};
	objectVersion = 51;
	objects = {

/* Begin PBXBuildFile section */
		A4C1E66324B7AC6400AC5DA5 /* assesment.json in Resources */ = {isa = PBXBuildFile; fileRef = A4C1E66224B7AC6400AC5DA5 /* assesment.json */; };
		A4EAA7F024A0B418005D2D1F /* AppDelegate.swift in Sources */ = {isa = PBXBuildFile; fileRef = A4EAA7EF24A0B418005D2D1F /* AppDelegate.swift */; };
		A4EAA7F224A0B418005D2D1F /* ContentView.swift in Sources */ = {isa = PBXBuildFile; fileRef = A4EAA7F124A0B418005D2D1F /* ContentView.swift */; };
		A4EAA7F424A0B41A005D2D1F /* Assets.xcassets in Resources */ = {isa = PBXBuildFile; fileRef = A4EAA7F324A0B41A005D2D1F /* Assets.xcassets */; };
		A4EAA7F724A0B41A005D2D1F /* Preview Assets.xcassets in Resources */ = {isa = PBXBuildFile; fileRef = A4EAA7F624A0B41A005D2D1F /* Preview Assets.xcassets */; };
		A4EAA7FA24A0B41A005D2D1F /* Main.storyboard in Resources */ = {isa = PBXBuildFile; fileRef = A4EAA7F824A0B41A005D2D1F /* Main.storyboard */; };
		A4EAA80324A0B53D005D2D1F /* StatusItemController.swift in Sources */ = {isa = PBXBuildFile; fileRef = A4EAA80224A0B53D005D2D1F /* StatusItemController.swift */; };
		DBAB4EF71B495F7DE0BF5903 /* Pods_WITUtils.framework in Frameworks */ = {isa = PBXBuildFile; fileRef = ACED102395BD3904AFD29CFD /* Pods_WITUtils.framework */; };
/* End PBXBuildFile section */

/* Begin PBXFileReference section */
		7938435DFA0D05674CEE4462 /* Pods-SimulatorUtils.debug.xcconfig */ = {isa = PBXFileReference; includeInIndex = 1; lastKnownFileType = text.xcconfig; name = "Pods-SimulatorUtils.debug.xcconfig"; path = "Target Support Files/Pods-SimulatorUtils/Pods-SimulatorUtils.debug.xcconfig"; sourceTree = "<group>"; };
		A4C1E66224B7AC6400AC5DA5 /* assesment.json */ = {isa = PBXFileReference; fileEncoding = 4; lastKnownFileType = text.json; path = assesment.json; sourceTree = "<group>"; };
		A4EAA7EC24A0B418005D2D1F /* WITUtils.app */ = {isa = PBXFileReference; explicitFileType = wrapper.application; includeInIndex = 0; path = WITUtils.app; sourceTree = BUILT_PRODUCTS_DIR; };
		A4EAA7EF24A0B418005D2D1F /* AppDelegate.swift */ = {isa = PBXFileReference; lastKnownFileType = sourcecode.swift; path = AppDelegate.swift; sourceTree = "<group>"; };
		A4EAA7F124A0B418005D2D1F /* ContentView.swift */ = {isa = PBXFileReference; lastKnownFileType = sourcecode.swift; path = ContentView.swift; sourceTree = "<group>"; };
		A4EAA7F324A0B41A005D2D1F /* Assets.xcassets */ = {isa = PBXFileReference; lastKnownFileType = folder.assetcatalog; path = Assets.xcassets; sourceTree = "<group>"; };
		A4EAA7F624A0B41A005D2D1F /* Preview Assets.xcassets */ = {isa = PBXFileReference; lastKnownFileType = folder.assetcatalog; path = "Preview Assets.xcassets"; sourceTree = "<group>"; };
		A4EAA7F924A0B41A005D2D1F /* Base */ = {isa = PBXFileReference; lastKnownFileType = file.storyboard; name = Base; path = Base.lproj/Main.storyboard; sourceTree = "<group>"; };
		A4EAA7FB24A0B41A005D2D1F /* Info.plist */ = {isa = PBXFileReference; lastKnownFileType = text.plist.xml; path = Info.plist; sourceTree = "<group>"; };
		A4EAA7FC24A0B41A005D2D1F /* SimulatorUtils.entitlements */ = {isa = PBXFileReference; lastKnownFileType = text.plist.entitlements; path = SimulatorUtils.entitlements; sourceTree = "<group>"; };
		A4EAA80224A0B53D005D2D1F /* StatusItemController.swift */ = {isa = PBXFileReference; lastKnownFileType = sourcecode.swift; path = StatusItemController.swift; sourceTree = "<group>"; };
		ACED102395BD3904AFD29CFD /* Pods_WITUtils.framework */ = {isa = PBXFileReference; explicitFileType = wrapper.framework; includeInIndex = 0; path = Pods_WITUtils.framework; sourceTree = BUILT_PRODUCTS_DIR; };
		CE4725C79D252B183C5F9EB4 /* Pods-SimulatorUtils.release.xcconfig */ = {isa = PBXFileReference; includeInIndex = 1; lastKnownFileType = text.xcconfig; name = "Pods-SimulatorUtils.release.xcconfig"; path = "Target Support Files/Pods-SimulatorUtils/Pods-SimulatorUtils.release.xcconfig"; sourceTree = "<group>"; };
		E17264BEAA2B695A5053C79D /* Pods-WITUtils.debug.xcconfig */ = {isa = PBXFileReference; includeInIndex = 1; lastKnownFileType = text.xcconfig; name = "Pods-WITUtils.debug.xcconfig"; path = "Target Support Files/Pods-WITUtils/Pods-WITUtils.debug.xcconfig"; sourceTree = "<group>"; };
		EF90F47A86B8C48B19EE345E /* Pods-WITUtils.release.xcconfig */ = {isa = PBXFileReference; includeInIndex = 1; lastKnownFileType = text.xcconfig; name = "Pods-WITUtils.release.xcconfig"; path = "Target Support Files/Pods-WITUtils/Pods-WITUtils.release.xcconfig"; sourceTree = "<group>"; };
/* End PBXFileReference section */

/* Begin PBXFrameworksBuildPhase section */
		A4EAA7E924A0B418005D2D1F /* Frameworks */ = {
			isa = PBXFrameworksBuildPhase;
			buildActionMask = 2147483647;
			files = (
				DBAB4EF71B495F7DE0BF5903 /* Pods_WITUtils.framework in Frameworks */,
			);
			runOnlyForDeploymentPostprocessing = 0;
		};
/* End PBXFrameworksBuildPhase section */

/* Begin PBXGroup section */
		A4EAA7E324A0B418005D2D1F = {
			isa = PBXGroup;
			children = (
				A4EAA7EE24A0B418005D2D1F /* WITUTils */,
				A4EAA7ED24A0B418005D2D1F /* Products */,
				D04FAF4E7786207A2BED39C6 /* Pods */,
				C732007A3898D75DEC46E677 /* Frameworks */,
			);
			sourceTree = "<group>";
		};
		A4EAA7ED24A0B418005D2D1F /* Products */ = {
			isa = PBXGroup;
			children = (
				A4EAA7EC24A0B418005D2D1F /* WITUtils.app */,
			);
			name = Products;
			sourceTree = "<group>";
		};
		A4EAA7EE24A0B418005D2D1F /* WITUTils */ = {
			isa = PBXGroup;
			children = (
				A4C1E66224B7AC6400AC5DA5 /* assesment.json */,
				A4EAA7EF24A0B418005D2D1F /* AppDelegate.swift */,
				A4EAA80224A0B53D005D2D1F /* StatusItemController.swift */,
				A4EAA7F124A0B418005D2D1F /* ContentView.swift */,
				A4EAA7F324A0B41A005D2D1F /* Assets.xcassets */,
				A4EAA7F824A0B41A005D2D1F /* Main.storyboard */,
				A4EAA7FB24A0B41A005D2D1F /* Info.plist */,
				A4EAA7FC24A0B41A005D2D1F /* SimulatorUtils.entitlements */,
				A4EAA7F524A0B41A005D2D1F /* Preview Content */,
			);
			path = WITUTils;
			sourceTree = "<group>";
		};
		A4EAA7F524A0B41A005D2D1F /* Preview Content */ = {
			isa = PBXGroup;
			children = (
				A4EAA7F624A0B41A005D2D1F /* Preview Assets.xcassets */,
			);
			path = "Preview Content";
			sourceTree = "<group>";
		};
		C732007A3898D75DEC46E677 /* Frameworks */ = {
			isa = PBXGroup;
			children = (
				ACED102395BD3904AFD29CFD /* Pods_WITUtils.framework */,
			);
			name = Frameworks;
			sourceTree = "<group>";
		};
		D04FAF4E7786207A2BED39C6 /* Pods */ = {
			isa = PBXGroup;
			children = (
				7938435DFA0D05674CEE4462 /* Pods-SimulatorUtils.debug.xcconfig */,
				CE4725C79D252B183C5F9EB4 /* Pods-SimulatorUtils.release.xcconfig */,
				E17264BEAA2B695A5053C79D /* Pods-WITUtils.debug.xcconfig */,
				EF90F47A86B8C48B19EE345E /* Pods-WITUtils.release.xcconfig */,
			);
			path = Pods;
			sourceTree = "<group>";
		};
/* End PBXGroup section */

/* Begin PBXNativeTarget section */
		A4EAA7EB24A0B418005D2D1F /* WITUtils */ = {
			isa = PBXNativeTarget;
			buildConfigurationList = A4EAA7FF24A0B41A005D2D1F /* Build configuration list for PBXNativeTarget "WITUtils" */;
			buildPhases = (
				11B53B00D6998DC8B016B9D6 /* [CP] Check Pods Manifest.lock */,
				A4EAA7E824A0B418005D2D1F /* Sources */,
				A4EAA7E924A0B418005D2D1F /* Frameworks */,
				A4EAA7EA24A0B418005D2D1F /* Resources */,
				ECF0ACC9BB0951D1A992B7C1 /* [CP] Embed Pods Frameworks */,
			);
			buildRules = (
			);
			dependencies = (
			);
			name = WITUtils;
			productName = SimulatorUtils;
			productReference = A4EAA7EC24A0B418005D2D1F /* WITUtils.app */;
			productType = "com.apple.product-type.application";
		};
/* End PBXNativeTarget section */

/* Begin PBXProject section */
		A4EAA7E424A0B418005D2D1F /* Project object */ = {
			isa = PBXProject;
			attributes = {
				LastSwiftUpdateCheck = 1150;
				LastUpgradeCheck = 1150;
				ORGANIZATIONNAME = "Nikola Gorgiev";
				TargetAttributes = {
					A4EAA7EB24A0B418005D2D1F = {
						CreatedOnToolsVersion = 11.5;
					};
				};
			};
			buildConfigurationList = A4EAA7E724A0B418005D2D1F /* Build configuration list for PBXProject "WITUtils" */;
			compatibilityVersion = "Xcode 9.3";
			developmentRegion = en;
			hasScannedForEncodings = 0;
			knownRegions = (
				en,
				Base,
			);
			mainGroup = A4EAA7E324A0B418005D2D1F;
			productRefGroup = A4EAA7ED24A0B418005D2D1F /* Products */;
			projectDirPath = "";
			projectRoot = "";
			targets = (
				A4EAA7EB24A0B418005D2D1F /* WITUtils */,
			);
		};
/* End PBXProject section */

/* Begin PBXResourcesBuildPhase section */
		A4EAA7EA24A0B418005D2D1F /* Resources */ = {
			isa = PBXResourcesBuildPhase;
			buildActionMask = 2147483647;
			files = (
				A4EAA7FA24A0B41A005D2D1F /* Main.storyboard in Resources */,
				A4C1E66324B7AC6400AC5DA5 /* assesment.json in Resources */,
				A4EAA7F724A0B41A005D2D1F /* Preview Assets.xcassets in Resources */,
				A4EAA7F424A0B41A005D2D1F /* Assets.xcassets in Resources */,
			);
			runOnlyForDeploymentPostprocessing = 0;
		};
/* End PBXResourcesBuildPhase section */

/* Begin PBXShellScriptBuildPhase section */
		11B53B00D6998DC8B016B9D6 /* [CP] Check Pods Manifest.lock */ = {
			isa = PBXShellScriptBuildPhase;
			buildActionMask = 2147483647;
			files = (
			);
			inputFileListPaths = (
			);
			inputPaths = (
				"${PODS_PODFILE_DIR_PATH}/Podfile.lock",
				"${PODS_ROOT}/Manifest.lock",
			);
			name = "[CP] Check Pods Manifest.lock";
			outputFileListPaths = (
			);
			outputPaths = (
				"$(DERIVED_FILE_DIR)/Pods-WITUtils-checkManifestLockResult.txt",
			);
			runOnlyForDeploymentPostprocessing = 0;
			shellPath = /bin/sh;
			shellScript = "diff \"${PODS_PODFILE_DIR_PATH}/Podfile.lock\" \"${PODS_ROOT}/Manifest.lock\" > /dev/null\nif [ $? != 0 ] ; then\n    # print error to STDERR\n    echo \"error: The sandbox is not in sync with the Podfile.lock. Run 'pod install' or update your CocoaPods installation.\" >&2\n    exit 1\nfi\n# This output is used by Xcode 'outputs' to avoid re-running this script phase.\necho \"SUCCESS\" > \"${SCRIPT_OUTPUT_FILE_0}\"\n";
			showEnvVarsInLog = 0;
		};
		ECF0ACC9BB0951D1A992B7C1 /* [CP] Embed Pods Frameworks */ = {
			isa = PBXShellScriptBuildPhase;
			buildActionMask = 2147483647;
			files = (
			);
			inputFileListPaths = (
				"${PODS_ROOT}/Target Support Files/Pods-WITUtils/Pods-WITUtils-frameworks-${CONFIGURATION}-input-files.xcfilelist",
			);
			name = "[CP] Embed Pods Frameworks";
			outputFileListPaths = (
				"${PODS_ROOT}/Target Support Files/Pods-WITUtils/Pods-WITUtils-frameworks-${CONFIGURATION}-output-files.xcfilelist",
			);
			runOnlyForDeploymentPostprocessing = 0;
			shellPath = /bin/sh;
			shellScript = "\"${PODS_ROOT}/Target Support Files/Pods-WITUtils/Pods-WITUtils-frameworks.sh\"\n";
			showEnvVarsInLog = 0;
		};
/* End PBXShellScriptBuildPhase section */

/* Begin PBXSourcesBuildPhase section */
		A4EAA7E824A0B418005D2D1F /* Sources */ = {
			isa = PBXSourcesBuildPhase;
			buildActionMask = 2147483647;
			files = (
				A4EAA7F224A0B418005D2D1F /* ContentView.swift in Sources */,
				A4EAA7F024A0B418005D2D1F /* AppDelegate.swift in Sources */,
				A4EAA80324A0B53D005D2D1F /* StatusItemController.swift in Sources */,
			);
			runOnlyForDeploymentPostprocessing = 0;
		};
/* End PBXSourcesBuildPhase section */

/* Begin PBXVariantGroup section */
		A4EAA7F824A0B41A005D2D1F /* Main.storyboard */ = {
			isa = PBXVariantGroup;
			children = (
				A4EAA7F924A0B41A005D2D1F /* Base */,
			);
			name = Main.storyboard;
			sourceTree = "<group>";
		};
/* End PBXVariantGroup section */

/* Begin XCBuildConfiguration section */
		A4EAA7FD24A0B41A005D2D1F /* Debug */ = {
			isa = XCBuildConfiguration;
			buildSettings = {
				ALWAYS_SEARCH_USER_PATHS = NO;
				CLANG_ANALYZER_NONNULL = YES;
				CLANG_ANALYZER_NUMBER_OBJECT_CONVERSION = YES_AGGRESSIVE;
				CLANG_CXX_LANGUAGE_STANDARD = "gnu++14";
				CLANG_CXX_LIBRARY = "libc++";
				CLANG_ENABLE_MODULES = YES;
				CLANG_ENABLE_OBJC_ARC = YES;
				CLANG_ENABLE_OBJC_WEAK = YES;
				CLANG_WARN_BLOCK_CAPTURE_AUTORELEASING = YES;
				CLANG_WARN_BOOL_CONVERSION = YES;
				CLANG_WARN_COMMA = YES;
				CLANG_WARN_CONSTANT_CONVERSION = YES;
				CLANG_WARN_DEPRECATED_OBJC_IMPLEMENTATIONS = YES;
				CLANG_WARN_DIRECT_OBJC_ISA_USAGE = YES_ERROR;
				CLANG_WARN_DOCUMENTATION_COMMENTS = YES;
				CLANG_WARN_EMPTY_BODY = YES;
				CLANG_WARN_ENUM_CONVERSION = YES;
				CLANG_WARN_INFINITE_RECURSION = YES;
				CLANG_WARN_INT_CONVERSION = YES;
				CLANG_WARN_NON_LITERAL_NULL_CONVERSION = YES;
				CLANG_WARN_OBJC_IMPLICIT_RETAIN_SELF = YES;
				CLANG_WARN_OBJC_LITERAL_CONVERSION = YES;
				CLANG_WARN_OBJC_ROOT_CLASS = YES_ERROR;
				CLANG_WARN_RANGE_LOOP_ANALYSIS = YES;
				CLANG_WARN_STRICT_PROTOTYPES = YES;
				CLANG_WARN_SUSPICIOUS_MOVE = YES;
				CLANG_WARN_UNGUARDED_AVAILABILITY = YES_AGGRESSIVE;
				CLANG_WARN_UNREACHABLE_CODE = YES;
				CLANG_WARN__DUPLICATE_METHOD_MATCH = YES;
				COPY_PHASE_STRIP = NO;
				DEBUG_INFORMATION_FORMAT = dwarf;
				ENABLE_STRICT_OBJC_MSGSEND = YES;
				ENABLE_TESTABILITY = YES;
				GCC_C_LANGUAGE_STANDARD = gnu11;
				GCC_DYNAMIC_NO_PIC = NO;
				GCC_NO_COMMON_BLOCKS = YES;
				GCC_OPTIMIZATION_LEVEL = 0;
				GCC_PREPROCESSOR_DEFINITIONS = (
					"DEBUG=1",
					"$(inherited)",
				);
				GCC_WARN_64_TO_32_BIT_CONVERSION = YES;
				GCC_WARN_ABOUT_RETURN_TYPE = YES_ERROR;
				GCC_WARN_UNDECLARED_SELECTOR = YES;
				GCC_WARN_UNINITIALIZED_AUTOS = YES_AGGRESSIVE;
				GCC_WARN_UNUSED_FUNCTION = YES;
				GCC_WARN_UNUSED_VARIABLE = YES;
				MACOSX_DEPLOYMENT_TARGET = 10.15;
				MTL_ENABLE_DEBUG_INFO = INCLUDE_SOURCE;
				MTL_FAST_MATH = YES;
				ONLY_ACTIVE_ARCH = YES;
				SDKROOT = macosx;
				SWIFT_ACTIVE_COMPILATION_CONDITIONS = DEBUG;
				SWIFT_OPTIMIZATION_LEVEL = "-Onone";
			};
			name = Debug;
		};
		A4EAA7FE24A0B41A005D2D1F /* Release */ = {
			isa = XCBuildConfiguration;
			buildSettings = {
				ALWAYS_SEARCH_USER_PATHS = NO;
				CLANG_ANALYZER_NONNULL = YES;
				CLANG_ANALYZER_NUMBER_OBJECT_CONVERSION = YES_AGGRESSIVE;
				CLANG_CXX_LANGUAGE_STANDARD = "gnu++14";
				CLANG_CXX_LIBRARY = "libc++";
				CLANG_ENABLE_MODULES = YES;
				CLANG_ENABLE_OBJC_ARC = YES;
				CLANG_ENABLE_OBJC_WEAK = YES;
				CLANG_WARN_BLOCK_CAPTURE_AUTORELEASING = YES;
				CLANG_WARN_BOOL_CONVERSION = YES;
				CLANG_WARN_COMMA = YES;
				CLANG_WARN_CONSTANT_CONVERSION = YES;
				CLANG_WARN_DEPRECATED_OBJC_IMPLEMENTATIONS = YES;
				CLANG_WARN_DIRECT_OBJC_ISA_USAGE = YES_ERROR;
				CLANG_WARN_DOCUMENTATION_COMMENTS = YES;
				CLANG_WARN_EMPTY_BODY = YES;
				CLANG_WARN_ENUM_CONVERSION = YES;
				CLANG_WARN_INFINITE_RECURSION = YES;
				CLANG_WARN_INT_CONVERSION = YES;
				CLANG_WARN_NON_LITERAL_NULL_CONVERSION = YES;
				CLANG_WARN_OBJC_IMPLICIT_RETAIN_SELF = YES;
				CLANG_WARN_OBJC_LITERAL_CONVERSION = YES;
				CLANG_WARN_OBJC_ROOT_CLASS = YES_ERROR;
				CLANG_WARN_RANGE_LOOP_ANALYSIS = YES;
				CLANG_WARN_STRICT_PROTOTYPES = YES;
				CLANG_WARN_SUSPICIOUS_MOVE = YES;
				CLANG_WARN_UNGUARDED_AVAILABILITY = YES_AGGRESSIVE;
				CLANG_WARN_UNREACHABLE_CODE = YES;
				CLANG_WARN__DUPLICATE_METHOD_MATCH = YES;
				COPY_PHASE_STRIP = NO;
				DEBUG_INFORMATION_FORMAT = "dwarf-with-dsym";
				ENABLE_NS_ASSERTIONS = NO;
				ENABLE_STRICT_OBJC_MSGSEND = YES;
				GCC_C_LANGUAGE_STANDARD = gnu11;
				GCC_NO_COMMON_BLOCKS = YES;
				GCC_WARN_64_TO_32_BIT_CONVERSION = YES;
				GCC_WARN_ABOUT_RETURN_TYPE = YES_ERROR;
				GCC_WARN_UNDECLARED_SELECTOR = YES;
				GCC_WARN_UNINITIALIZED_AUTOS = YES_AGGRESSIVE;
				GCC_WARN_UNUSED_FUNCTION = YES;
				GCC_WARN_UNUSED_VARIABLE = YES;
				MACOSX_DEPLOYMENT_TARGET = 10.15;
				MTL_ENABLE_DEBUG_INFO = NO;
				MTL_FAST_MATH = YES;
				SDKROOT = macosx;
				SWIFT_COMPILATION_MODE = wholemodule;
				SWIFT_OPTIMIZATION_LEVEL = "-O";
			};
			name = Release;
		};
		A4EAA80024A0B41A005D2D1F /* Debug */ = {
			isa = XCBuildConfiguration;
			baseConfigurationReference = E17264BEAA2B695A5053C79D /* Pods-WITUtils.debug.xcconfig */;
			buildSettings = {
				ASSETCATALOG_COMPILER_APPICON_NAME = AppIcon;
				CODE_SIGN_ENTITLEMENTS = WITUtils/SimulatorUtils.entitlements;
				CODE_SIGN_IDENTITY = "Apple Development";
				CODE_SIGN_STYLE = Automatic;
				COMBINE_HIDPI_IMAGES = YES;
				DEVELOPMENT_ASSET_PATHS = "\"WITUtils/Preview Content\"";
				DEVELOPMENT_TEAM = 2B47JYQZBD;
				ENABLE_HARDENED_RUNTIME = YES;
				ENABLE_PREVIEWS = YES;
				INFOPLIST_FILE = WITUtils/Info.plist;
				LD_RUNPATH_SEARCH_PATHS = (
					"$(inherited)",
					"@executable_path/../Frameworks",
				);
				MACOSX_DEPLOYMENT_TARGET = 10.15;
				PRODUCT_BUNDLE_IDENTIFIER = SmileySolutions.WITUtils;
				PRODUCT_NAME = "$(TARGET_NAME)";
				SWIFT_VERSION = 5.0;
			};
			name = Debug;
		};
		A4EAA80124A0B41A005D2D1F /* Release */ = {
			isa = XCBuildConfiguration;
			baseConfigurationReference = EF90F47A86B8C48B19EE345E /* Pods-WITUtils.release.xcconfig */;
			buildSettings = {
				ASSETCATALOG_COMPILER_APPICON_NAME = AppIcon;
				CODE_SIGN_ENTITLEMENTS = WITUtils/SimulatorUtils.entitlements;
				CODE_SIGN_IDENTITY = "Apple Development";
				CODE_SIGN_STYLE = Automatic;
				COMBINE_HIDPI_IMAGES = YES;
				DEVELOPMENT_ASSET_PATHS = "\"WITUtils/Preview Content\"";
				DEVELOPMENT_TEAM = 2B47JYQZBD;
				ENABLE_HARDENED_RUNTIME = YES;
				ENABLE_PREVIEWS = YES;
				INFOPLIST_FILE = WITUtils/Info.plist;
				LD_RUNPATH_SEARCH_PATHS = (
					"$(inherited)",
					"@executable_path/../Frameworks",
				);
				MACOSX_DEPLOYMENT_TARGET = 10.15;
				PRODUCT_BUNDLE_IDENTIFIER = SmileySolutions.WITUtils;
				PRODUCT_NAME = "$(TARGET_NAME)";
				SWIFT_VERSION = 5.0;
			};
			name = Release;
		};
/* End XCBuildConfiguration section */

/* Begin XCConfigurationList section */
		A4EAA7E724A0B418005D2D1F /* Build configuration list for PBXProject "WITUtils" */ = {
			isa = XCConfigurationList;
			buildConfigurations = (
				A4EAA7FD24A0B41A005D2D1F /* Debug */,
				A4EAA7FE24A0B41A005D2D1F /* Release */,
			);
			defaultConfigurationIsVisible = 0;
			defaultConfigurationName = Release;
		};
		A4EAA7FF24A0B41A005D2D1F /* Build configuration list for PBXNativeTarget "WITUtils" */ = {
			isa = XCConfigurationList;
			buildConfigurations = (
				A4EAA80024A0B41A005D2D1F /* Debug */,
				A4EAA80124A0B41A005D2D1F /* Release */,
			);
			defaultConfigurationIsVisible = 0;
			defaultConfigurationName = Release;
		};
/* End XCConfigurationList section */
	};
	rootObject = A4EAA7E424A0B418005D2D1F /* Project object */;
}
